{
  "name": "web-socket-mastery",
  "lockfileVersion": 3,
  "requires": true,
  "packages": {
    "": {
      "dependencies": {
        "@arcjet/inspect": "^1.0.0",
        "@arcjet/node": "^1.0.0"
      }
    },
    "node_modules/@arcjet/analyze": {
      "version": "1.0.0",
      "resolved": "https://registry.npmjs.org/@arcjet/analyze/-/analyze-1.0.0.tgz",
      "integrity": "sha512-C8VY+C33jk7m1fI7JBPYTnLWNPAbmp67Pk5Zbp51++PX+GeV6CXEeQ37X7dS8Zi0zV9+SQX7vwkaG3WVmxc5jg==",
      "license": "Apache-2.0",
      "dependencies": {
        "@arcjet/analyze-wasm": "1.0.0",
        "@arcjet/protocol": "1.0.0"
      },
      "engines": {
        "node": ">=20"
      }
    },
    "node_modules/@arcjet/analyze-wasm": {
      "version": "1.0.0",
      "resolved": "https://registry.npmjs.org/@arcjet/analyze-wasm/-/analyze-wasm-1.0.0.tgz",
      "integrity": "sha512-wKTFza1P98LMGL7XzXTdhB0JxvSgTfoNZl3syHa0q+Zlb8B889GodECoy+H8o2dZKgiM4QzkfyTPu4Yxgo8yHg==",
      "license": "Apache-2.0",
      "engines": {
        "node": ">=20"
      }
    },
    "node_modules/@arcjet/body": {
      "version": "1.0.0",
      "resolved": "https://registry.npmjs.org/@arcjet/body/-/body-1.0.0.tgz",
      "integrity": "sha512-OfrNE8/hLwT0cOol0DYcmN/Td8h1HpWvU2snYcqFPe4/n2XtU5Mrq6/pZeClW6icxo+9dp2ipHS2dH+OtcmTRQ==",
      "license": "Apache-2.0",
      "engines": {
        "node": ">=20"
      }
    },
    "node_modules/@arcjet/cache": {
      "version": "1.0.0",
      "resolved": "https://registry.npmjs.org/@arcjet/cache/-/cache-1.0.0.tgz",
      "integrity": "sha512-+6x5tP4/4ZQC9wPEzCrWS17Et9CNv8u4z1Dd6ay5ngfJrncM8HMkmntddH/Hd7NDbDGRq6Cv7eyqaz9TVBNs/Q==",
      "license": "Apache-2.0",
      "engines": {
        "node": ">=20"
      }
    },
    "node_modules/@arcjet/duration": {
      "version": "1.0.0",
      "resolved": "https://registry.npmjs.org/@arcjet/duration/-/duration-1.0.0.tgz",
      "integrity": "sha512-MBr4Lg8by94h0Js5PsitkspSQq5p7bt0DPT85MDaImlRnNaF8pZD6tzWZEjK9Wwmxf5gVvtATY4ofXP0iwoSNA==",
      "license": "Apache-2.0",
      "engines": {
        "node": ">=20"
      }
    },
    "node_modules/@arcjet/env": {
      "version": "1.0.0",
      "resolved": "https://registry.npmjs.org/@arcjet/env/-/env-1.0.0.tgz",
      "integrity": "sha512-CpWCAPG09EtcE8ItFA/qpWztJfnuJUxAZ4/Jh271yJwjUjiHF7QCcO8GuWiGiOV69hAOF5/8QSgXqyYO7ipIFA==",
      "license": "Apache-2.0",
      "engines": {
        "node": ">=20"
      }
    },
    "node_modules/@arcjet/headers": {
      "version": "1.0.0",
      "resolved": "https://registry.npmjs.org/@arcjet/headers/-/headers-1.0.0.tgz",
      "integrity": "sha512-RKMwxinAo9XpHxwo1srRqsca1boVzVchttUGL7RcJNLKlThfpSpnIkii3CNpcY4/25KXFxWtEyqLI7bQdvoGlA==",
      "license": "Apache-2.0",
      "engines": {
        "node": ">=20"
      }
    },
    "node_modules/@arcjet/inspect": {
      "version": "1.0.0",
      "resolved": "https://registry.npmjs.org/@arcjet/inspect/-/inspect-1.0.0.tgz",
      "integrity": "sha512-sAFpXUYE5nhznEd2MA021HEJ+54S8Pta8J6vCvqwoTpMfEK1kPNnP5n++uZ0bmOClpkltccJLkyVJiUU9LVSWA==",
      "license": "Apache-2.0",
      "dependencies": {
        "@arcjet/protocol": "1.0.0"
      },
      "engines": {
        "node": ">=20"
      }
    },
    "node_modules/@arcjet/ip": {
      "version": "1.0.0",
      "resolved": "https://registry.npmjs.org/@arcjet/ip/-/ip-1.0.0.tgz",
      "integrity": "sha512-aCZaEuyMDdQbBLjgmDsra3uzuWA8xEuc6yUbl+Dcmzd0zB6ICuoqBVdemnGKcAqrMQSujCd4+OfDcGk4DPPKvQ==",
      "license": "Apache-2.0",
      "engines": {
        "node": ">=20"
      }
    },
    "node_modules/@arcjet/logger": {
      "version": "1.0.0",
      "resolved": "https://registry.npmjs.org/@arcjet/logger/-/logger-1.0.0.tgz",
      "integrity": "sha512-LG6/vExjgazyX5P2BoOlbww78Gsc4cgoa1jdNTMgsR02ZSFcg9oSxXNIZAjQ9UE9Y1k+nAvs2yxkZkTEVBgMmw==",
      "license": "Apache-2.0",
      "dependencies": {
        "@arcjet/sprintf": "1.0.0"
      },
      "engines": {
        "node": ">=20"
      }
    },
    "node_modules/@arcjet/node": {
      "version": "1.0.0",
      "resolved": "https://registry.npmjs.org/@arcjet/node/-/node-1.0.0.tgz",
      "integrity": "sha512-lRz/rAJ4EQGVArz3zXVDADvM6tzWdhOG/kY2Npi8kMIVvodL9JEAX21Nmi0uKscxtuh6jFl44qEP0Hr+lBzsJQ==",
      "license": "Apache-2.0",
      "dependencies": {
        "@arcjet/body": "1.0.0",
        "@arcjet/env": "1.0.0",
        "@arcjet/headers": "1.0.0",
        "@arcjet/ip": "1.0.0",
        "@arcjet/logger": "1.0.0",
        "@arcjet/protocol": "1.0.0",
        "@arcjet/transport": "1.0.0",
        "arcjet": "1.0.0"
      },
      "engines": {
        "node": ">=20"
      }
    },
    "node_modules/@arcjet/protocol": {
      "version": "1.0.0",
      "resolved": "https://registry.npmjs.org/@arcjet/protocol/-/protocol-1.0.0.tgz",
      "integrity": "sha512-HEUzn+PGw38TV+b9zlVR+WliFL7KGSHYnnMFMt8feqG+FQB4yOQBQM6csBo7xPUbcRzyMWNKvMhPi+onlE/rQg==",
      "license": "Apache-2.0",
      "dependencies": {
        "@arcjet/cache": "1.0.0",
        "@bufbuild/protobuf": "1.10.1",
        "@connectrpc/connect": "1.6.1",
        "typeid-js": "1.2.0"
      },
      "engines": {
        "node": ">=20"
      }
    },
    "node_modules/@arcjet/runtime": {
      "version": "1.0.0",
      "resolved": "https://registry.npmjs.org/@arcjet/runtime/-/runtime-1.0.0.tgz",
      "integrity": "sha512-j/BmxA261kNnNCK6kOCKetCZ/ZSi30hG9MBKbvKaO4r3P7vrrblsBv1F4PIvF4hek2tivHaJVhPH+YLGFzNBUg==",
      "license": "Apache-2.0",
      "engines": {
        "node": ">=20"
      }
    },
    "node_modules/@arcjet/sprintf": {
      "version": "1.0.0",
      "resolved": "https://registry.npmjs.org/@arcjet/sprintf/-/sprintf-1.0.0.tgz",
      "integrity": "sha512-KCClNWAc8tBj66C9nmjYEESbuC8B6iaoTHqBe5KlCdHjUBDaqUPefvdtShGkGnO1fQo9CRl4lJiavpBsEGhoRg==",
      "license": "Apache-2.0",
      "engines": {
        "node": ">=20"
      }
    },
    "node_modules/@arcjet/stable-hash": {
      "version": "1.0.0",
      "resolved": "https://registry.npmjs.org/@arcjet/stable-hash/-/stable-hash-1.0.0.tgz",
      "integrity": "sha512-giapdU2go0jBeyDT84VitWBvtMziVm0vPNPN9rUHoFaJemQiT9Il5SczxasJ/UV7WgtR6PNxKAlep3aEd1pwTA==",
      "license": "Apache-2.0",
      "engines": {
        "node": ">=20"
      }
    },
    "node_modules/@arcjet/transport": {
      "version": "1.0.0",
      "resolved": "https://registry.npmjs.org/@arcjet/transport/-/transport-1.0.0.tgz",
      "integrity": "sha512-McSX6kf/E0M76oAfee66xcKUK0/veUq0oZ2ESq8UbvqsnhAtnXk19qYjb8RHPdjRI7/uIlW0hg8dOAsLw+i7Dg==",
      "license": "Apache-2.0",
      "dependencies": {
        "@bufbuild/protobuf": "1.10.1",
        "@connectrpc/connect": "1.6.1",
        "@connectrpc/connect-node": "1.6.1",
        "@connectrpc/connect-web": "1.6.1"
      },
      "engines": {
        "node": ">=20"
      }
    },
    "node_modules/@bufbuild/protobuf": {
      "version": "1.10.1",
      "resolved": "https://registry.npmjs.org/@bufbuild/protobuf/-/protobuf-1.10.1.tgz",
      "integrity": "sha512-wJ8ReQbHxsAfXhrf9ixl0aYbZorRuOWpBNzm8pL8ftmSxQx/wnJD5Eg861NwJU/czy2VXFIebCeZnZrI9rktIQ==",
      "license": "(Apache-2.0 AND BSD-3-Clause)"
    },
    "node_modules/@connectrpc/connect": {
      "version": "1.6.1",
      "resolved": "https://registry.npmjs.org/@connectrpc/connect/-/connect-1.6.1.tgz",
      "integrity": "sha512-KchMDNtU4CDTdkyf0qG7ugJ6qHTOR/aI7XebYn3OTCNagaDYWiZUVKgRgwH79yeMkpNgvEUaXSK7wKjaBK9b/Q==",
      "license": "Apache-2.0",
      "peerDependencies": {
        "@bufbuild/protobuf": "^1.10.0"
      }
    },
    "node_modules/@connectrpc/connect-node": {
      "version": "1.6.1",
      "resolved": "https://registry.npmjs.org/@connectrpc/connect-node/-/connect-node-1.6.1.tgz",
      "integrity": "sha512-DxcD1wsF/aX9GegjAtl7VbpiZNjVJozy87VbaFoN6AF0Ln1Q757r5dgV59Gz0wmlk5f17txUsrEr1f2inlnnAg==",
      "license": "Apache-2.0",
      "dependencies": {
        "undici": "^5.28.4"
      },
      "engines": {
        "node": ">=16.0.0"
      },
      "peerDependencies": {
        "@bufbuild/protobuf": "^1.10.0",
        "@connectrpc/connect": "1.6.1"
      }
    },
    "node_modules/@connectrpc/connect-web": {
      "version": "1.6.1",
      "resolved": "https://registry.npmjs.org/@connectrpc/connect-web/-/connect-web-1.6.1.tgz",
      "integrity": "sha512-GVfxQOmt3TtgTaKeXLS/EA2IHa3nHxwe2BCHT7X0Q/0hohM+nP5DDnIItGEjGrGdt3LTTqWqE4s70N4h+qIMlQ==",
      "license": "Apache-2.0",
      "peerDependencies": {
        "@bufbuild/protobuf": "^1.10.0",
        "@connectrpc/connect": "1.6.1"
      }
    },
    "node_modules/@fastify/busboy": {
      "version": "2.1.1",
      "resolved": "https://registry.npmjs.org/@fastify/busboy/-/busboy-2.1.1.tgz",
      "integrity": "sha512-vBZP4NlzfOlerQTnba4aqZoMhE/a9HY7HRqoOPaETQcSQuWEIyZMHGfVu6w9wGtGK5fED5qRs2DteVCjOH60sA==",
      "license": "MIT",
      "engines": {
        "node": ">=14"
      }
    },
    "node_modules/arcjet": {
      "version": "1.0.0",
      "resolved": "https://registry.npmjs.org/arcjet/-/arcjet-1.0.0.tgz",
      "integrity": "sha512-ev4gBlKKf+9RWGldmEXT9IUSZAd52pmM9CIRqcOSYflkkyMJPwz8C54J/F73/7s+Aa/w9bulq+KCqCWYLuo2dQ==",
      "license": "Apache-2.0",
      "dependencies": {
        "@arcjet/analyze": "1.0.0",
        "@arcjet/cache": "1.0.0",
        "@arcjet/duration": "1.0.0",
        "@arcjet/headers": "1.0.0",
        "@arcjet/protocol": "1.0.0",
        "@arcjet/runtime": "1.0.0",
        "@arcjet/stable-hash": "1.0.0"
      },
      "engines": {
        "node": ">=20"
      }
    },
    "node_modules/typeid-js": {
      "version": "1.2.0",
      "resolved": "https://registry.npmjs.org/typeid-js/-/typeid-js-1.2.0.tgz",
      "integrity": "sha512-t76ZucAnvGC60ea/HjVsB0TSoB0cw9yjnfurUgtInXQWUI/VcrlZGpO23KN3iSe8yOGUgb1zr7W7uEzJ3hSljA==",
      "license": "Apache-2.0",
      "dependencies": {
        "uuid": "^10.0.0"
      }
    },
    "node_modules/undici": {
      "version": "5.29.0",
      "resolved": "https://registry.npmjs.org/undici/-/undici-5.29.0.tgz",
      "integrity": "sha512-raqeBD6NQK4SkWhQzeYKd1KmIG6dllBOTt55Rmkt4HtI9mwdWtJljnrXjAFUBLTSN67HWrOIZ3EPF4kjUw80Bg==",
      "license": "MIT",
      "dependencies": {
        "@fastify/busboy": "^2.0.0"
      },
      "engines": {
        "node": ">=14.0"
      }
    },
    "node_modules/uuid": {
      "version": "10.0.0",
      "resolved": "https://registry.npmjs.org/uuid/-/uuid-10.0.0.tgz",
      "integrity": "sha512-8XkAphELsDnEGrDxUOHB3RGvXz6TeuYSGEZBOjtTtPm2lwhGBjLgOzLHB63IUWfBpNucQjND6d3AOudO+H3RWQ==",
      "funding": [
        "https://github.com/sponsors/broofa",
        "https://github.com/sponsors/ctavan"
      ],
      "license": "MIT",
      "bin": {
        "uuid": "dist/bin/uuid"
      }
    }
  }
}
